
Microsoft Visual Studio Solution File, Format Version 12.00
# Visual Studio Version 17
VisualStudioVersion = 17.10.34916.146
MinimumVisualStudioVersion = 10.0.40219.1
Project("{FAE04EC0-301F-11D3-BF4B-00C04F79EFBC}") = "EntradaDeDados", "EntradaDeDados\EntradaDeDados.csproj", "{420FC7B0-A213-43DC-8A63-8A3142D22065}"
EndProject
Global
	GlobalSection(SolutionConfigurationPlatforms) = preSolution
		Debug|Any CPU = Debug|Any CPU
		Release|Any CPU = Release|Any CPU
	EndGlobalSection
	GlobalSection(ProjectConfigurationPlatforms) = postSolution
		{420FC7B0-A213-43DC-8A63-8A3142D22065}.Debug|Any CPU.ActiveCfg = Debug|Any CPU
		{420FC7B0-A213-43DC-8A63-8A3142D22065}.Debug|Any CPU.Build.0 = Debug|Any CPU
		{420FC7B0-A213-43DC-8A63-8A3142D22065}.Release|Any CPU.ActiveCfg = Release|Any CPU
		{420FC7B0-A213-43DC-8A63-8A3142D22065}.Release|Any CPU.Build.0 = Release|Any CPU
	EndGlobalSection
	GlobalSection(SolutionProperties) = preSolution
		HideSolutionNode = FALSE
	EndGlobalSection
	GlobalSection(ExtensibilityGlobals) = postSolution
		SolutionGuid = {D97EEB6E-F39C-419D-A8B3-B01BD9A1E932}
	EndGlobalSection
EndGlobal
