
Microsoft Visual Studio Solution File, Format Version 12.00
# Visual Studio Version 17
VisualStudioVersion = 17.10.34928.147
MinimumVisualStudioVersion = 10.0.40219.1
Project("{FAE04EC0-301F-11D3-BF4B-00C04F79EFBC}") = "DesafioEntradaDeDados", "DesafioEntradaDeDados\DesafioEntradaDeDados.csproj", "{F483A041-8729-417C-AF44-6703AA6DD57C}"
EndProject
Global
	GlobalSection(SolutionConfigurationPlatforms) = preSolution
		Debug|Any CPU = Debug|Any CPU
		Release|Any CPU = Release|Any CPU
	EndGlobalSection
	GlobalSection(ProjectConfigurationPlatforms) = postSolution
		{F483A041-8729-417C-AF44-6703AA6DD57C}.Debug|Any CPU.ActiveCfg = Debug|Any CPU
		{F483A041-8729-417C-AF44-6703AA6DD57C}.Debug|Any CPU.Build.0 = Debug|Any CPU
		{F483A041-8729-417C-AF44-6703AA6DD57C}.Release|Any CPU.ActiveCfg = Release|Any CPU
		{F483A041-8729-417C-AF44-6703AA6DD57C}.Release|Any CPU.Build.0 = Release|Any CPU
	EndGlobalSection
	GlobalSection(SolutionProperties) = preSolution
		HideSolutionNode = FALSE
	EndGlobalSection
	GlobalSection(ExtensibilityGlobals) = postSolution
		SolutionGuid = {C693033D-F146-4366-9301-34B35AAAA85B}
	EndGlobalSection
EndGlobal
